<?xml version="1.0" encoding="utf-8"?>
<Project ToolsVersion="4.0" xmlns="http://schemas.microsoft.com/developer/msbuild/2003">
  <ItemGroup>
    <Filter Include="Исходные файлы">
      <UniqueIdentifier>{4FC737F1-C7A5-4376-A066-2A32D752A2FF}</UniqueIdentifier>
      <Extensions>cpp;c;cc;cxx;def;odl;idl;hpj;bat;asm;asmx</Extensions>
    </Filter>
    <Filter Include="Файлы заголовков">
      <UniqueIdentifier>{93995380-89BD-4b04-88EB-625FBE52EBFB}</UniqueIdentifier>
      <Extensions>h;hh;hpp;hxx;hm;inl;inc;ipp;xsd</Extensions>
    </Filter>
    <Filter Include="Файлы ресурсов">
      <UniqueIdentifier>{67DA6AB6-F800-4c08-8B7A-83BB121AAD01}</UniqueIdentifier>
      <Extensions>rc;ico;cur;bmp;dlg;rc2;rct;bin;rgs;gif;jpg;jpeg;jpe;resx;tiff;tif;png;wav;mfcribbon-ms</Extensions>
    </Filter>
    <Filter Include="Файлы заголовков\Buttons">
      <UniqueIdentifier>{452df2fd-bd81-46d8-91ab-1e41dca4f81b}</UniqueIdentifier>
    </Filter>
    <Filter Include="Файлы заголовков\Tables">
      <UniqueIdentifier>{53b8eb5f-362e-4b3a-8efc-0e211f9878ac}</UniqueIdentifier>
    </Filter>
    <Filter Include="Файлы заголовков\Effects">
      <UniqueIdentifier>{e7e1a37c-b4c7-4840-863e-4e696375533e}</UniqueIdentifier>
    </Filter>
    <Filter Include="Исходные файлы\Buttons">
      <UniqueIdentifier>{79ac8311-de65-41f0-b081-8115b051f8fe}</UniqueIdentifier>
    </Filter>
    <Filter Include="Исходные файлы\Tables">
      <UniqueIdentifier>{00cc8d62-b83a-4b35-a8b8-877b8f0b3a26}</UniqueIdentifier>
    </Filter>
    <Filter Include="Исходные файлы\Effects">
      <UniqueIdentifier>{25c8523b-9d08-4b36-a529-9121a9c45b58}</UniqueIdentifier>
    </Filter>
    <Filter Include="Файлы заголовков\Styles">
      <UniqueIdentifier>{16fb01c6-41b8-4b98-bfe9-295287303c5f}</UniqueIdentifier>
    </Filter>
    <Filter Include="Исходные файлы\Styles">
      <UniqueIdentifier>{49caf945-243b-4b9b-b357-11d5276f7bf4}</UniqueIdentifier>
    </Filter>
  </ItemGroup>
  <ItemGroup>
    <ClCompile Include="main.cpp">
      <Filter>Исходные файлы</Filter>
    </ClCompile>
    <ClCompile Include="Label.cpp">
      <Filter>Исходные файлы</Filter>
    </ClCompile>
    <ClCompile Include="Object.cpp">
      <Filter>Исходные файлы</Filter>
    </ClCompile>
    <ClCompile Include="UIObject.cpp">
      <Filter>Исходные файлы</Filter>
    </ClCompile>
    <ClCompile Include="Rect.cpp">
      <Filter>Исходные файлы</Filter>
    </ClCompile>
    <ClCompile Include="Effect.cpp">
      <Filter>Исходные файлы\Effects</Filter>
    </ClCompile>
    <ClCompile Include="ShadowEffect.cpp">
      <Filter>Исходные файлы\Effects</Filter>
    </ClCompile>
    <ClCompile Include="BorderLabelButton.cpp">
      <Filter>Исходные файлы\Buttons</Filter>
    </ClCompile>
    <ClCompile Include="Button.cpp">
      <Filter>Исходные файлы\Buttons</Filter>
    </ClCompile>
    <ClCompile Include="LabelButton.cpp">
      <Filter>Исходные файлы\Buttons</Filter>
    </ClCompile>
    <ClCompile Include="ButtonsTable.cpp">
      <Filter>Исходные файлы\Tables</Filter>
    </ClCompile>
    <ClCompile Include="Table.cpp">
      <Filter>Исходные файлы\Tables</Filter>
    </ClCompile>
    <ClCompile Include="StringTable.cpp">
      <Filter>Исходные файлы\Tables</Filter>
    </ClCompile>
    <ClCompile Include="PiatnashkiTable.cpp">
      <Filter>Исходные файлы\Tables</Filter>
    </ClCompile>
    <ClCompile Include="ShadowLabel.cpp">
      <Filter>Исходные файлы\Styles</Filter>
    </ClCompile>
    <ClCompile Include="ShadowLabelButton.cpp">
      <Filter>Исходные файлы\Styles</Filter>
    </ClCompile>
    <ClCompile Include="ShadowBorderLabelButton.cpp">
      <Filter>Исходные файлы</Filter>
    </ClCompile>
  </ItemGroup>
  <ItemGroup>
    <ClInclude Include="UIObject.h">
      <Filter>Файлы заголовков</Filter>
    </ClInclude>
    <ClInclude Include="Label.h">
      <Filter>Файлы заголовков</Filter>
    </ClInclude>
    <ClInclude Include="Object.h">
      <Filter>Файлы заголовков</Filter>
    </ClInclude>
    <ClInclude Include="UI.h">
      <Filter>Файлы заголовков</Filter>
    </ClInclude>
    <ClInclude Include="Rect.h">
      <Filter>Файлы заголовков</Filter>
    </ClInclude>
    <ClInclude Include="BorderLabelButton.h">
      <Filter>Файлы заголовков\Buttons</Filter>
    </ClInclude>
    <ClInclude Include="Button.h">
      <Filter>Файлы заголовков\Buttons</Filter>
    </ClInclude>
    <ClInclude Include="LabelButton.h">
      <Filter>Файлы заголовков\Buttons</Filter>
    </ClInclude>
    <ClInclude Include="ButtonsTable.h">
      <Filter>Файлы заголовков\Tables</Filter>
    </ClInclude>
    <ClInclude Include="Table.h">
      <Filter>Файлы заголовков\Tables</Filter>
    </ClInclude>
    <ClInclude Include="Effect.h">
      <Filter>Файлы заголовков\Effects</Filter>
    </ClInclude>
    <ClInclude Include="ShadowEffect.h">
      <Filter>Файлы заголовков\Effects</Filter>
    </ClInclude>
    <ClInclude Include="StringTable.h">
      <Filter>Файлы заголовков\Tables</Filter>
    </ClInclude>
    <ClInclude Include="PiatnashkiTable.h">
      <Filter>Файлы заголовков\Tables</Filter>
    </ClInclude>
    <ClInclude Include="Styles.h">
      <Filter>Файлы заголовков</Filter>
    </ClInclude>
    <ClInclude Include="ShadowLabel.h">
      <Filter>Файлы заголовков\Styles</Filter>
    </ClInclude>
    <ClInclude Include="ShadowLabelButton.h">
      <Filter>Файлы заголовков\Styles</Filter>
    </ClInclude>
    <ClInclude Include="ShadowBorderLabelButton.h">
      <Filter>Файлы заголовков</Filter>
    </ClInclude>
  </ItemGroup>
</Project>